// !$*UTF8*$!
{
	archiveVersion = 1;
	classes = {
	};
	objectVersion = 77;
	objects = {

/* Begin PBXContainerItemProxy section */
		19DA317E2E0DDE6100BD0845 /* PBXContainerItemProxy */ = {
			isa = PBXContainerItemProxy;
			containerPortal = 19DA31632E0DDE6000BD0845 /* Project object */;
			proxyType = 1;
			remoteGlobalIDString = 19DA316A2E0DDE6000BD0845;
			remoteInfo = Ganzabel;
		};
		19DA31882E0DDE6100BD0845 /* PBXContainerItemProxy */ = {
			isa = PBXContainerItemProxy;
			containerPortal = 19DA31632E0DDE6000BD0845 /* Project object */;
			proxyType = 1;
			remoteGlobalIDString = 19DA316A2E0DDE6000BD0845;
			remoteInfo = Ganzabel;
		};
/* End PBXContainerItemProxy section */

/* Begin PBXFileReference section */
		19DA316B2E0DDE6000BD0845 /* Ganzabel.app */ = {isa = PBXFileReference; explicitFileType = wrapper.application; includeInIndex = 0; path = Ganzabel.app; sourceTree = BUILT_PRODUCTS_DIR; };
		19DA317D2E0DDE6100BD0845 /* GanzabelTests.xctest */ = {isa = PBXFileReference; explicitFileType = wrapper.cfbundle; includeInIndex = 0; path = GanzabelTests.xctest; sourceTree = BUILT_PRODUCTS_DIR; };
		19DA31872E0DDE6100BD0845 /* GanzabelUITests.xctest */ = {isa = PBXFileReference; explicitFileType = wrapper.cfbundle; includeInIndex = 0; path = GanzabelUITests.xctest; sourceTree = BUILT_PRODUCTS_DIR; };
/* End PBXFileReference section */

/* Begin PBXFileSystemSynchronizedRootGroup section */
		19DA316D2E0DDE6000BD0845 /* Ganzabel */ = {
			isa = PBXFileSystemSynchronizedRootGroup;
			path = Ganzabel;
			sourceTree = "<group>";
		};
		19DA318A2E0DDE6100BD0845 /* GanzabelUITests */ = {
			isa = PBXFileSystemSynchronizedRootGroup;
			path = GanzabelUITests;
			sourceTree = "<group>";
		};
		19DA31AF2E0DEA4D00BD0845 /* GanzabelTests */ = {
			isa = PBXFileSystemSynchronizedRootGroup;
			path = GanzabelTests;
			sourceTree = "<group>";
		};
/* End PBXFileSystemSynchronizedRootGroup section */

/* Begin PBXFrameworksBuildPhase section */
		19DA31682E0DDE6000BD0845 /* Frameworks */ = {
			isa = PBXFrameworksBuildPhase;
			buildActionMask = 2147483647;
			files = (
			);
			runOnlyForDeploymentPostprocessing = 0;
		};
		19DA317A2E0DDE6100BD0845 /* Frameworks */ = {
			isa = PBXFrameworksBuildPhase;
			buildActionMask = 2147483647;
			files = (
			);
			runOnlyForDeploymentPostprocessing = 0;
		};
		19DA31842E0DDE6100BD0845 /* Frameworks */ = {
			isa = PBXFrameworksBuildPhase;
			buildActionMask = 2147483647;
			files = (
			);
			runOnlyForDeploymentPostprocessing = 0;
		};
/* End PBXFrameworksBuildPhase section */

/* Begin PBXGroup section */
		19DA31622E0DDE6000BD0845 = {
			isa = PBXGroup;
			children = (
				19DA316D2E0DDE6000BD0845 /* Ganzabel */,
				19DA318A2E0DDE6100BD0845 /* GanzabelUITests */,
				19DA316C2E0DDE6000BD0845 /* Products */,
				19DA31AF2E0DEA4D00BD0845 /* GanzabelTests */,
			);
			sourceTree = "<group>";
		};
		19DA316C2E0DDE6000BD0845 /* Products */ = {
			isa = PBXGroup;
			children = (
				19DA316B2E0DDE6000BD0845 /* Ganzabel.app */,
				19DA317D2E0DDE6100BD0845 /* GanzabelTests.xctest */,
				19DA31872E0DDE6100BD0845 /* GanzabelUITests.xctest */,
			);
			name = Products;
			sourceTree = "<group>";
		};
/* End PBXGroup section */

/* Begin PBXNativeTarget section */
		19DA316A2E0DDE6000BD0845 /* Ganzabel */ = {
			isa = PBXNativeTarget;
			buildConfigurationList = 19DA31912E0DDE6100BD0845 /* Build configuration list for PBXNativeTarget "Ganzabel" */;
			buildPhases = (
				19DA31672E0DDE6000BD0845 /* Sources */,
				19DA31682E0DDE6000BD0845 /* Frameworks */,
				19DA31692E0DDE6000BD0845 /* Resources */,
			);
			buildRules = (
			);
			dependencies = (
			);
			fileSystemSynchronizedGroups = (
				19DA316D2E0DDE6000BD0845 /* Ganzabel */,
			);
			name = Ganzabel;
			packageProductDependencies = (
			);
			productName = Ganzabel;
			productReference = 19DA316B2E0DDE6000BD0845 /* Ganzabel.app */;
			productType = "com.apple.product-type.application";
		};
		19DA317C2E0DDE6100BD0845 /* GanzabelTests */ = {
			isa = PBXNativeTarget;
			buildConfigurationList = 19DA31942E0DDE6100BD0845 /* Build configuration list for PBXNativeTarget "GanzabelTests" */;
			buildPhases = (
				19DA31792E0DDE6100BD0845 /* Sources */,
				19DA317A2E0DDE6100BD0845 /* Frameworks */,
				19DA317B2E0DDE6100BD0845 /* Resources */,
			);
			buildRules = (
			);
			dependencies = (
				19DA317F2E0DDE6100BD0845 /* PBXTargetDependency */,
			);
			name = GanzabelTests;
			packageProductDependencies = (
			);
			productName = GanzabelTests;
			productReference = 19DA317D2E0DDE6100BD0845 /* GanzabelTests.xctest */;
			productType = "com.apple.product-type.bundle.unit-test";
		};
		19DA31862E0DDE6100BD0845 /* GanzabelUITests */ = {
			isa = PBXNativeTarget;
			buildConfigurationList = 19DA31972E0DDE6100BD0845 /* Build configuration list for PBXNativeTarget "GanzabelUITests" */;
			buildPhases = (
				19DA31832E0DDE6100BD0845 /* Sources */,
				19DA31842E0DDE6100BD0845 /* Frameworks */,
				19DA31852E0DDE6100BD0845 /* Resources */,
			);
			buildRules = (
			);
			dependencies = (
				19DA31892E0DDE6100BD0845 /* PBXTargetDependency */,
			);
			fileSystemSynchronizedGroups = (
				19DA318A2E0DDE6100BD0845 /* GanzabelUITests */,
				19DA31AF2E0DEA4D00BD0845 /* GanzabelTests */,
			);
			name = GanzabelUITests;
			packageProductDependencies = (
			);
			productName = GanzabelUITests;
			productReference = 19DA31872E0DDE6100BD0845 /* GanzabelUITests.xctest */;
			productType = "com.apple.product-type.bundle.ui-testing";
		};
/* End PBXNativeTarget section */

/* Begin PBXProject section */
		19DA31632E0DDE6000BD0845 /* Project object */ = {
			isa = PBXProject;
			attributes = {
				BuildIndependentTargetsInParallel = 1;
				LastSwiftUpdateCheck = 1640;
				LastUpgradeCheck = 1640;
				TargetAttributes = {
					19DA316A2E0DDE6000BD0845 = {
						CreatedOnToolsVersion = 16.4;
					};
					19DA317C2E0DDE6100BD0845 = {
						CreatedOnToolsVersion = 16.4;
						TestTargetID = 19DA316A2E0DDE6000BD0845;
					};
					19DA31862E0DDE6100BD0845 = {
						CreatedOnToolsVersion = 16.4;
						TestTargetID = 19DA316A2E0DDE6000BD0845;
					};
				};
			};
			buildConfigurationList = 19DA31662E0DDE6000BD0845 /* Build configuration list for PBXProject "Ganzabel" */;
			developmentRegion = en;
			hasScannedForEncodings = 0;
			knownRegions = (
				en,
				Base,
			);
			mainGroup = 19DA31622E0DDE6000BD0845;
			minimizedProjectReferenceProxies = 1;
			preferredProjectObjectVersion = 77;
			productRefGroup = 19DA316C2E0DDE6000BD0845 /* Products */;
			projectDirPath = "";
			projectRoot = "";
			targets = (
				19DA316A2E0DDE6000BD0845 /* Ganzabel */,
				19DA317C2E0DDE6100BD0845 /* GanzabelTests */,
				19DA31862E0DDE6100BD0845 /* GanzabelUITests */,
			);
		};
/* End PBXProject section */

/* Begin PBXResourcesBuildPhase section */
		19DA31692E0DDE6000BD0845 /* Resources */ = {
			isa = PBXResourcesBuildPhase;
			buildActionMask = 2147483647;
			files = (
			);
			runOnlyForDeploymentPostprocessing = 0;
		};
		19DA317B2E0DDE6100BD0845 /* Resources */ = {
			isa = PBXResourcesBuildPhase;
			buildActionMask = 2147483647;
			files = (
			);
			runOnlyForDeploymentPostprocessing = 0;
		};
		19DA31852E0DDE6100BD0845 /* Resources */ = {
			isa = PBXResourcesBuildPhase;
			buildActionMask = 2147483647;
			files = (
			);
			runOnlyForDeploymentPostprocessing = 0;
		};
/* End PBXResourcesBuildPhase section */

/* Begin PBXSourcesBuildPhase section */
		19DA31672E0DDE6000BD0845 /* Sources */ = {
			isa = PBXSourcesBuildPhase;
			buildActionMask = 2147483647;
			files = (
			);
			runOnlyForDeploymentPostprocessing = 0;
		};
		19DA31792E0DDE6100BD0845 /* Sources */ = {
			isa = PBXSourcesBuildPhase;
			buildActionMask = 2147483647;
			files = (
			);
			runOnlyForDeploymentPostprocessing = 0;
		};
		19DA31832E0DDE6100BD0845 /* Sources */ = {
			isa = PBXSourcesBuildPhase;
			buildActionMask = 2147483647;
			files = (
			);
			runOnlyForDeploymentPostprocessing = 0;
		};
/* End PBXSourcesBuildPhase section */

/* Begin PBXTargetDependency section */
		19DA317F2E0DDE6100BD0845 /* PBXTargetDependency */ = {
			isa = PBXTargetDependency;
			target = 19DA316A2E0DDE6000BD0845 /* Ganzabel */;
			targetProxy = 19DA317E2E0DDE6100BD0845 /* PBXContainerItemProxy */;
		};
		19DA31892E0DDE6100BD0845 /* PBXTargetDependency */ = {
			isa = PBXTargetDependency;
			target = 19DA316A2E0DDE6000BD0845 /* Ganzabel */;
			targetProxy = 19DA31882E0DDE6100BD0845 /* PBXContainerItemProxy */;
		};
/* End PBXTargetDependency section */

/* Begin XCBuildConfiguration section */
		19DA318F2E0DDE6100BD0845 /* Debug */ = {
			isa = XCBuildConfiguration;
			buildSettings = {
				ALWAYS_SEARCH_USER_PATHS = NO;
				ASSETCATALOG_COMPILER_GENERATE_SWIFT_ASSET_SYMBOL_EXTENSIONS = YES;
				CLANG_ANALYZER_NONNULL = YES;
				CLANG_ANALYZER_NUMBER_OBJECT_CONVERSION = YES_AGGRESSIVE;
				CLANG_CXX_LANGUAGE_STANDARD = "gnu++20";
				CLANG_ENABLE_MODULES = YES;
				CLANG_ENABLE_OBJC_ARC = YES;
				CLANG_ENABLE_OBJC_WEAK = YES;
				CLANG_WARN_BLOCK_CAPTURE_AUTORELEASING = YES;
				CLANG_WARN_BOOL_CONVERSION = YES;
				CLANG_WARN_COMMA = YES;
				CLANG_WARN_CONSTANT_CONVERSION = YES;
				CLANG_WARN_DEPRECATED_OBJC_IMPLEMENTATIONS = YES;
				CLANG_WARN_DIRECT_OBJC_ISA_USAGE = YES_ERROR;
				CLANG_WARN_DOCUMENTATION_COMMENTS = YES;
				CLANG_WARN_EMPTY_BODY = YES;
				CLANG_WARN_ENUM_CONVERSION = YES;
				CLANG_WARN_INFINITE_RECURSION = YES;
				CLANG_WARN_INT_CONVERSION = YES;
				CLANG_WARN_NON_LITERAL_NULL_CONVERSION = YES;
				CLANG_WARN_OBJC_IMPLICIT_RETAIN_SELF = YES;
				CLANG_WARN_OBJC_LITERAL_CONVERSION = YES;
				CLANG_WARN_OBJC_ROOT_CLASS = YES_ERROR;
				CLANG_WARN_QUOTED_INCLUDE_IN_FRAMEWORK_HEADER = YES;
				CLANG_WARN_RANGE_LOOP_ANALYSIS = YES;
				CLANG_WARN_STRICT_PROTOTYPES = YES;
				CLANG_WARN_SUSPICIOUS_MOVE = YES;
				CLANG_WARN_UNGUARDED_AVAILABILITY = YES_AGGRESSIVE;
				CLANG_WARN_UNREACHABLE_CODE = YES;
				CLANG_WARN__DUPLICATE_METHOD_MATCH = YES;
				COPY_PHASE_STRIP = NO;
				DEBUG_INFORMATION_FORMAT = dwarf;
				DEVELOPMENT_TEAM = 59N9JDT3LK;
				ENABLE_STRICT_OBJC_MSGSEND = YES;
				ENABLE_TESTABILITY = YES;
				ENABLE_USER_SCRIPT_SANDBOXING = YES;
				GCC_C_LANGUAGE_STANDARD = gnu17;
				GCC_DYNAMIC_NO_PIC = NO;
				GCC_NO_COMMON_BLOCKS = YES;
				GCC_OPTIMIZATION_LEVEL = 0;
				GCC_PREPROCESSOR_DEFINITIONS = (
					"DEBUG=1",
					"$(inherited)",
				);
				GCC_WARN_64_TO_32_BIT_CONVERSION = YES;
				GCC_WARN_ABOUT_RETURN_TYPE = YES_ERROR;
				GCC_WARN_UNDECLARED_SELECTOR = YES;
				GCC_WARN_UNINITIALIZED_AUTOS = YES_AGGRESSIVE;
				GCC_WARN_UNUSED_FUNCTION = YES;
				GCC_WARN_UNUSED_VARIABLE = YES;
				IPHONEOS_DEPLOYMENT_TARGET = 18.5;
				LOCALIZATION_PREFERS_STRING_CATALOGS = YES;
				MTL_ENABLE_DEBUG_INFO = INCLUDE_SOURCE;
				MTL_FAST_MATH = YES;
				ONLY_ACTIVE_ARCH = YES;
				SDKROOT = iphoneos;
				SWIFT_ACTIVE_COMPILATION_CONDITIONS = "DEBUG $(inherited)";
				SWIFT_OPTIMIZATION_LEVEL = "-Onone";
			};
			name = Debug;
		};
		19DA31902E0DDE6100BD0845 /* Release */ = {
			isa = XCBuildConfiguration;
			buildSettings = {
				ALWAYS_SEARCH_USER_PATHS = NO;
				ASSETCATALOG_COMPILER_GENERATE_SWIFT_ASSET_SYMBOL_EXTENSIONS = YES;
				CLANG_ANALYZER_NONNULL = YES;
				CLANG_ANALYZER_NUMBER_OBJECT_CONVERSION = YES_AGGRESSIVE;
				CLANG_CXX_LANGUAGE_STANDARD = "gnu++20";
				CLANG_ENABLE_MODULES = YES;
				CLANG_ENABLE_OBJC_ARC = YES;
				CLANG_ENABLE_OBJC_WEAK = YES;
				CLANG_WARN_BLOCK_CAPTURE_AUTORELEASING = YES;
				CLANG_WARN_BOOL_CONVERSION = YES;
				CLANG_WARN_COMMA = YES;
				CLANG_WARN_CONSTANT_CONVERSION = YES;
				CLANG_WARN_DEPRECATED_OBJC_IMPLEMENTATIONS = YES;
				CLANG_WARN_DIRECT_OBJC_ISA_USAGE = YES_ERROR;
				CLANG_WARN_DOCUMENTATION_COMMENTS = YES;
				CLANG_WARN_EMPTY_BODY = YES;
				CLANG_WARN_ENUM_CONVERSION = YES;
				CLANG_WARN_INFINITE_RECURSION = YES;
				CLANG_WARN_INT_CONVERSION = YES;
				CLANG_WARN_NON_LITERAL_NULL_CONVERSION = YES;
				CLANG_WARN_OBJC_IMPLICIT_RETAIN_SELF = YES;
				CLANG_WARN_OBJC_LITERAL_CONVERSION = YES;
				CLANG_WARN_OBJC_ROOT_CLASS = YES_ERROR;
				CLANG_WARN_QUOTED_INCLUDE_IN_FRAMEWORK_HEADER = YES;
				CLANG_WARN_RANGE_LOOP_ANALYSIS = YES;
				CLANG_WARN_STRICT_PROTOTYPES = YES;
				CLANG_WARN_SUSPICIOUS_MOVE = YES;
				CLANG_WARN_UNGUARDED_AVAILABILITY = YES_AGGRESSIVE;
				CLANG_WARN_UNREACHABLE_CODE = YES;
				CLANG_WARN__DUPLICATE_METHOD_MATCH = YES;
				COPY_PHASE_STRIP = NO;
				DEBUG_INFORMATION_FORMAT = "dwarf-with-dsym";
				DEVELOPMENT_TEAM = 59N9JDT3LK;
				ENABLE_NS_ASSERTIONS = NO;
				ENABLE_STRICT_OBJC_MSGSEND = YES;
				ENABLE_USER_SCRIPT_SANDBOXING = YES;
				GCC_C_LANGUAGE_STANDARD = gnu17;
				GCC_NO_COMMON_BLOCKS = YES;
				GCC_WARN_64_TO_32_BIT_CONVERSION = YES;
				GCC_WARN_ABOUT_RETURN_TYPE = YES_ERROR;
				GCC_WARN_UNDECLARED_SELECTOR = YES;
				GCC_WARN_UNINITIALIZED_AUTOS = YES_AGGRESSIVE;
				GCC_WARN_UNUSED_FUNCTION = YES;
				GCC_WARN_UNUSED_VARIABLE = YES;
				IPHONEOS_DEPLOYMENT_TARGET = 18.5;
				LOCALIZATION_PREFERS_STRING_CATALOGS = YES;
				MTL_ENABLE_DEBUG_INFO = NO;
				MTL_FAST_MATH = YES;
				SDKROOT = iphoneos;
				SWIFT_COMPILATION_MODE = wholemodule;
				VALIDATE_PRODUCT = YES;
			};
			name = Release;
		};
		19DA31922E0DDE6100BD0845 /* Debug */ = {
			isa = XCBuildConfiguration;
			buildSettings = {
				ASSETCATALOG_COMPILER_APPICON_NAME = AppIcon;
				ASSETCATALOG_COMPILER_GLOBAL_ACCENT_COLOR_NAME = AccentColor;
				CODE_SIGN_STYLE = Automatic;
				CURRENT_PROJECT_VERSION = 1;
				DEVELOPMENT_TEAM = 59N9JDT3LK;
				ENABLE_PREVIEWS = YES;
				GENERATE_INFOPLIST_FILE = YES;
				INFOPLIST_KEY_LSApplicationCategoryType = "public.app-category.games";
				INFOPLIST_KEY_UIApplicationSceneManifest_Generation = YES;
				INFOPLIST_KEY_UIApplicationSupportsIndirectInputEvents = YES;
				INFOPLIST_KEY_UILaunchScreen_Generation = YES;
				INFOPLIST_KEY_UISupportedInterfaceOrientations = "UIInterfaceOrientationLandscapeLeft UIInterfaceOrientationLandscapeRight UIInterfaceOrientationPortrait";
				INFOPLIST_KEY_UISupportedInterfaceOrientations_iPad = UIInterfaceOrientationPortrait;
				IPHONEOS_DEPLOYMENT_TARGET = 16.6;
				LD_RUNPATH_SEARCH_PATHS = (
					"$(inherited)",
					"@executable_path/Frameworks",
				);
				MARKETING_VERSION = 1.0;
				PRODUCT_BUNDLE_IDENTIFIER = Asser.Ganzabel;
				PRODUCT_NAME = "$(TARGET_NAME)";
				SUPPORTED_PLATFORMS = "iphoneos iphonesimulator";
				SUPPORTS_MACCATALYST = NO;
				SUPPORTS_MAC_DESIGNED_FOR_IPHONE_IPAD = NO;
				SUPPORTS_XR_DESIGNED_FOR_IPHONE_IPAD = NO;
				SWIFT_EMIT_LOC_STRINGS = YES;
				SWIFT_VERSION = 5.0;
				TARGETED_DEVICE_FAMILY = "1,2";
			};
			name = Debug;
		};
		19DA31932E0DDE6100BD0845 /* Release */ = {
			isa = XCBuildConfiguration;
			buildSettings = {
				ASSETCATALOG_COMPILER_APPICON_NAME = AppIcon;
				ASSETCATALOG_COMPILER_GLOBAL_ACCENT_COLOR_NAME = AccentColor;
				CODE_SIGN_STYLE = Automatic;
				CURRENT_PROJECT_VERSION = 1;
				DEVELOPMENT_TEAM = 59N9JDT3LK;
				ENABLE_PREVIEWS = YES;
				GENERATE_INFOPLIST_FILE = YES;
				INFOPLIST_KEY_LSApplicationCategoryType = "public.app-category.games";
				INFOPLIST_KEY_UIApplicationSceneManifest_Generation = YES;
				INFOPLIST_KEY_UIApplicationSupportsIndirectInputEvents = YES;
				INFOPLIST_KEY_UILaunchScreen_Generation = YES;
				INFOPLIST_KEY_UISupportedInterfaceOrientations = "UIInterfaceOrientationLandscapeLeft UIInterfaceOrientationLandscapeRight UIInterfaceOrientationPortrait";
				INFOPLIST_KEY_UISupportedInterfaceOrientations_iPad = UIInterfaceOrientationPortrait;
				IPHONEOS_DEPLOYMENT_TARGET = 16.6;
				LD_RUNPATH_SEARCH_PATHS = (
					"$(inherited)",
					"@executable_path/Frameworks",
				);
				MARKETING_VERSION = 1.0;
				PRODUCT_BUNDLE_IDENTIFIER = Asser.Ganzabel;
				PRODUCT_NAME = "$(TARGET_NAME)";
				SUPPORTED_PLATFORMS = "iphoneos iphonesimulator";
				SUPPORTS_MACCATALYST = NO;
				SUPPORTS_MAC_DESIGNED_FOR_IPHONE_IPAD = NO;
				SUPPORTS_XR_DESIGNED_FOR_IPHONE_IPAD = NO;
				SWIFT_EMIT_LOC_STRINGS = YES;
				SWIFT_VERSION = 5.0;
				TARGETED_DEVICE_FAMILY = "1,2";
			};
			name = Release;
		};
		19DA31952E0DDE6100BD0845 /* Debug */ = {
			isa = XCBuildConfiguration;
			buildSettings = {
				BUNDLE_LOADER = "$(TEST_HOST)";
				CODE_SIGN_STYLE = Automatic;
				CURRENT_PROJECT_VERSION = 1;
				DEVELOPMENT_TEAM = 59N9JDT3LK;
				GENERATE_INFOPLIST_FILE = YES;
				IPHONEOS_DEPLOYMENT_TARGET = 18.5;
				MARKETING_VERSION = 1.0;
				PRODUCT_BUNDLE_IDENTIFIER = Asser.GanzabelTests;
				PRODUCT_NAME = "$(TARGET_NAME)";
				SWIFT_EMIT_LOC_STRINGS = NO;
				SWIFT_VERSION = 5.0;
				TARGETED_DEVICE_FAMILY = "1,2";
				TEST_HOST = "$(BUILT_PRODUCTS_DIR)/Ganzabel.app/$(BUNDLE_EXECUTABLE_FOLDER_PATH)/Ganzabel";
			};
			name = Debug;
		};
		19DA31962E0DDE6100BD0845 /* Release */ = {
			isa = XCBuildConfiguration;
			buildSettings = {
				BUNDLE_LOADER = "$(TEST_HOST)";
				CODE_SIGN_STYLE = Automatic;
				CURRENT_PROJECT_VERSION = 1;
				DEVELOPMENT_TEAM = 59N9JDT3LK;
				GENERATE_INFOPLIST_FILE = YES;
				IPHONEOS_DEPLOYMENT_TARGET = 18.5;
				MARKETING_VERSION = 1.0;
				PRODUCT_BUNDLE_IDENTIFIER = Asser.GanzabelTests;
				PRODUCT_NAME = "$(TARGET_NAME)";
				SWIFT_EMIT_LOC_STRINGS = NO;
				SWIFT_VERSION = 5.0;
				TARGETED_DEVICE_FAMILY = "1,2";
				TEST_HOST = "$(BUILT_PRODUCTS_DIR)/Ganzabel.app/$(BUNDLE_EXECUTABLE_FOLDER_PATH)/Ganzabel";
			};
			name = Release;
		};
		19DA31982E0DDE6100BD0845 /* Debug */ = {
			isa = XCBuildConfiguration;
			buildSettings = {
				CODE_SIGN_STYLE = Automatic;
				CURRENT_PROJECT_VERSION = 1;
				DEVELOPMENT_TEAM = 59N9JDT3LK;
				GENERATE_INFOPLIST_FILE = YES;
				MARKETING_VERSION = 1.0;
				PRODUCT_BUNDLE_IDENTIFIER = Asser.GanzabelUITests;
				PRODUCT_NAME = "$(TARGET_NAME)";
				SWIFT_EMIT_LOC_STRINGS = NO;
				SWIFT_VERSION = 5.0;
				TARGETED_DEVICE_FAMILY = "1,2";
				TEST_TARGET_NAME = Ganzabel;
			};
			name = Debug;
		};
		19DA31992E0DDE6100BD0845 /* Release */ = {
			isa = XCBuildConfiguration;
			buildSettings = {
				CODE_SIGN_STYLE = Automatic;
				CURRENT_PROJECT_VERSION = 1;
				DEVELOPMENT_TEAM = 59N9JDT3LK;
				GENERATE_INFOPLIST_FILE = YES;
				MARKETING_VERSION = 1.0;
				PRODUCT_BUNDLE_IDENTIFIER = Asser.GanzabelUITests;
				PRODUCT_NAME = "$(TARGET_NAME)";
				SWIFT_EMIT_LOC_STRINGS = NO;
				SWIFT_VERSION = 5.0;
				TARGETED_DEVICE_FAMILY = "1,2";
				TEST_TARGET_NAME = Ganzabel;
			};
			name = Release;
		};
/* End XCBuildConfiguration section */

/* Begin XCConfigurationList section */
		19DA31662E0DDE6000BD0845 /* Build configuration list for PBXProject "Ganzabel" */ = {
			isa = XCConfigurationList;
			buildConfigurations = (
				19DA318F2E0DDE6100BD0845 /* Debug */,
				19DA31902E0DDE6100BD0845 /* Release */,
			);
			defaultConfigurationIsVisible = 0;
			defaultConfigurationName = Release;
		};
		19DA31912E0DDE6100BD0845 /* Build configuration list for PBXNativeTarget "Ganzabel" */ = {
			isa = XCConfigurationList;
			buildConfigurations = (
				19DA31922E0DDE6100BD0845 /* Debug */,
				19DA31932E0DDE6100BD0845 /* Release */,
			);
			defaultConfigurationIsVisible = 0;
			defaultConfigurationName = Release;
		};
		19DA31942E0DDE6100BD0845 /* Build configuration list for PBXNativeTarget "GanzabelTests" */ = {
			isa = XCConfigurationList;
			buildConfigurations = (
				19DA31952E0DDE6100BD0845 /* Debug */,
				19DA31962E0DDE6100BD0845 /* Release */,
			);
			defaultConfigurationIsVisible = 0;
			defaultConfigurationName = Release;
		};
		19DA31972E0DDE6100BD0845 /* Build configuration list for PBXNativeTarget "GanzabelUITests" */ = {
			isa = XCConfigurationList;
			buildConfigurations = (
				19DA31982E0DDE6100BD0845 /* Debug */,
				19DA31992E0DDE6100BD0845 /* Release */,
			);
			defaultConfigurationIsVisible = 0;
			defaultConfigurationName = Release;
		};
/* End XCConfigurationList section */
	};
	rootObject = 19DA31632E0DDE6000BD0845 /* Project object */;
}
